// !$*UTF8*$!
{
	archiveVersion = 1;
	classes = {
	};
	objectVersion = 56;
	objects = {

/* Begin PBXBuildFile section */
		26067ABE2A6E6B19009764F2 /* SayHelloView.swift in Sources */ = {isa = PBXBuildFile; fileRef = 26067ABD2A6E6B19009764F2 /* SayHelloView.swift */; };
		26067AC12A6E6C9F009764F2 /* Spiderversify in Frameworks */ = {isa = PBXBuildFile; productRef = 26067AC02A6E6C9F009764F2 /* Spiderversify */; };
		26D89CE72A6824F4005FC0BE /* AppDelegate.swift in Sources */ = {isa = PBXBuildFile; fileRef = 26D89CE62A6824F4005FC0BE /* AppDelegate.swift */; };
		26D89CE92A6824F4005FC0BE /* SceneDelegate.swift in Sources */ = {isa = PBXBuildFile; fileRef = 26D89CE82A6824F4005FC0BE /* SceneDelegate.swift */; };
		26D89CEB2A6824F4005FC0BE /* ViewController.swift in Sources */ = {isa = PBXBuildFile; fileRef = 26D89CEA2A6824F4005FC0BE /* ViewController.swift */; };
		26D89CEE2A6824F4005FC0BE /* Main.storyboard in Resources */ = {isa = PBXBuildFile; fileRef = 26D89CEC2A6824F4005FC0BE /* Main.storyboard */; };
		26D89CF02A6824F6005FC0BE /* Assets.xcassets in Resources */ = {isa = PBXBuildFile; fileRef = 26D89CEF2A6824F6005FC0BE /* Assets.xcassets */; };
		26D89CF32A6824F6005FC0BE /* LaunchScreen.storyboard in Resources */ = {isa = PBXBuildFile; fileRef = 26D89CF12A6824F6005FC0BE /* LaunchScreen.storyboard */; };
/* End PBXBuildFile section */

/* Begin PBXFileReference section */
		26067ABD2A6E6B19009764F2 /* SayHelloView.swift */ = {isa = PBXFileReference; lastKnownFileType = sourcecode.swift; path = SayHelloView.swift; sourceTree = "<group>"; };
		26D89CE32A6824F4005FC0BE /* BoardViewController.app */ = {isa = PBXFileReference; explicitFileType = wrapper.application; includeInIndex = 0; path = BoardViewController.app; sourceTree = BUILT_PRODUCTS_DIR; };
		26D89CE62A6824F4005FC0BE /* AppDelegate.swift */ = {isa = PBXFileReference; lastKnownFileType = sourcecode.swift; path = AppDelegate.swift; sourceTree = "<group>"; };
		26D89CE82A6824F4005FC0BE /* SceneDelegate.swift */ = {isa = PBXFileReference; lastKnownFileType = sourcecode.swift; path = SceneDelegate.swift; sourceTree = "<group>"; };
		26D89CEA2A6824F4005FC0BE /* ViewController.swift */ = {isa = PBXFileReference; lastKnownFileType = sourcecode.swift; path = ViewController.swift; sourceTree = "<group>"; };
		26D89CED2A6824F4005FC0BE /* Base */ = {isa = PBXFileReference; lastKnownFileType = file.storyboard; name = Base; path = Base.lproj/Main.storyboard; sourceTree = "<group>"; };
		26D89CEF2A6824F6005FC0BE /* Assets.xcassets */ = {isa = PBXFileReference; lastKnownFileType = folder.assetcatalog; path = Assets.xcassets; sourceTree = "<group>"; };
		26D89CF22A6824F6005FC0BE /* Base */ = {isa = PBXFileReference; lastKnownFileType = file.storyboard; name = Base; path = Base.lproj/LaunchScreen.storyboard; sourceTree = "<group>"; };
		26D89CF42A6824F6005FC0BE /* Info.plist */ = {isa = PBXFileReference; lastKnownFileType = text.plist.xml; path = Info.plist; sourceTree = "<group>"; };
/* End PBXFileReference section */

/* Begin PBXFrameworksBuildPhase section */
		26D89CE02A6824F4005FC0BE /* Frameworks */ = {
			isa = PBXFrameworksBuildPhase;
			buildActionMask = 2147483647;
			files = (
				26067AC12A6E6C9F009764F2 /* Spiderversify in Frameworks */,
			);
			runOnlyForDeploymentPostprocessing = 0;
		};
/* End PBXFrameworksBuildPhase section */

/* Begin PBXGroup section */
		26D89CDA2A6824F4005FC0BE = {
			isa = PBXGroup;
			children = (
				26D89CE52A6824F4005FC0BE /* BoardViewController */,
				26D89CE42A6824F4005FC0BE /* Products */,
			);
			sourceTree = "<group>";
		};
		26D89CE42A6824F4005FC0BE /* Products */ = {
			isa = PBXGroup;
			children = (
				26D89CE32A6824F4005FC0BE /* BoardViewController.app */,
			);
			name = Products;
			sourceTree = "<group>";
		};
		26D89CE52A6824F4005FC0BE /* BoardViewController */ = {
			isa = PBXGroup;
			children = (
				26D89CE62A6824F4005FC0BE /* AppDelegate.swift */,
				26D89CE82A6824F4005FC0BE /* SceneDelegate.swift */,
				26D89CEA2A6824F4005FC0BE /* ViewController.swift */,
				26067ABD2A6E6B19009764F2 /* SayHelloView.swift */,
				26D89CEC2A6824F4005FC0BE /* Main.storyboard */,
				26D89CEF2A6824F6005FC0BE /* Assets.xcassets */,
				26D89CF12A6824F6005FC0BE /* LaunchScreen.storyboard */,
				26D89CF42A6824F6005FC0BE /* Info.plist */,
			);
			path = BoardViewController;
			sourceTree = "<group>";
		};
/* End PBXGroup section */

/* Begin PBXNativeTarget section */
		26D89CE22A6824F4005FC0BE /* BoardViewController */ = {
			isa = PBXNativeTarget;
			buildConfigurationList = 26D89CF72A6824F6005FC0BE /* Build configuration list for PBXNativeTarget "BoardViewController" */;
			buildPhases = (
				26D89CDF2A6824F4005FC0BE /* Sources */,
				26D89CE02A6824F4005FC0BE /* Frameworks */,
				26D89CE12A6824F4005FC0BE /* Resources */,
			);
			buildRules = (
			);
			dependencies = (
			);
			name = BoardViewController;
			packageProductDependencies = (
				26067AC02A6E6C9F009764F2 /* Spiderversify */,
			);
			productName = BoardViewController;
			productReference = 26D89CE32A6824F4005FC0BE /* BoardViewController.app */;
			productType = "com.apple.product-type.application";
		};
/* End PBXNativeTarget section */

/* Begin PBXProject section */
		26D89CDB2A6824F4005FC0BE /* Project object */ = {
			isa = PBXProject;
			attributes = {
				BuildIndependentTargetsInParallel = 1;
				LastSwiftUpdateCheck = 1430;
				LastUpgradeCheck = 1430;
				TargetAttributes = {
					26D89CE22A6824F4005FC0BE = {
						CreatedOnToolsVersion = 14.3.1;
					};
				};
			};
			buildConfigurationList = 26D89CDE2A6824F4005FC0BE /* Build configuration list for PBXProject "BoardViewController" */;
			compatibilityVersion = "Xcode 14.0";
			developmentRegion = en;
			hasScannedForEncodings = 0;
			knownRegions = (
				en,
				Base,
			);
			mainGroup = 26D89CDA2A6824F4005FC0BE;
			packageReferences = (
				26067ABF2A6E6C9F009764F2 /* XCRemoteSwiftPackageReference "Spiderversify" */,
			);
			productRefGroup = 26D89CE42A6824F4005FC0BE /* Products */;
			projectDirPath = "";
			projectRoot = "";
			targets = (
				26D89CE22A6824F4005FC0BE /* BoardViewController */,
			);
		};
/* End PBXProject section */

/* Begin PBXResourcesBuildPhase section */
		26D89CE12A6824F4005FC0BE /* Resources */ = {
			isa = PBXResourcesBuildPhase;
			buildActionMask = 2147483647;
			files = (
				26D89CF32A6824F6005FC0BE /* LaunchScreen.storyboard in Resources */,
				26D89CF02A6824F6005FC0BE /* Assets.xcassets in Resources */,
				26D89CEE2A6824F4005FC0BE /* Main.storyboard in Resources */,
			);
			runOnlyForDeploymentPostprocessing = 0;
		};
/* End PBXResourcesBuildPhase section */

/* Begin PBXSourcesBuildPhase section */
		26D89CDF2A6824F4005FC0BE /* Sources */ = {
			isa = PBXSourcesBuildPhase;
			buildActionMask = 2147483647;
			files = (
				26D89CEB2A6824F4005FC0BE /* ViewController.swift in Sources */,
				26067ABE2A6E6B19009764F2 /* SayHelloView.swift in Sources */,
				26D89CE72A6824F4005FC0BE /* AppDelegate.swift in Sources */,
				26D89CE92A6824F4005FC0BE /* SceneDelegate.swift in Sources */,
			);
			runOnlyForDeploymentPostprocessing = 0;
		};
/* End PBXSourcesBuildPhase section */

/* Begin PBXVariantGroup section */
		26D89CEC2A6824F4005FC0BE /* Main.storyboard */ = {
			isa = PBXVariantGroup;
			children = (
				26D89CED2A6824F4005FC0BE /* Base */,
			);
			name = Main.storyboard;
			sourceTree = "<group>";
		};
		26D89CF12A6824F6005FC0BE /* LaunchScreen.storyboard */ = {
			isa = PBXVariantGroup;
			children = (
				26D89CF22A6824F6005FC0BE /* Base */,
			);
			name = LaunchScreen.storyboard;
			sourceTree = "<group>";
		};
/* End PBXVariantGroup section */

/* Begin XCBuildConfiguration section */
		26D89CF52A6824F6005FC0BE /* Debug */ = {
			isa = XCBuildConfiguration;
			buildSettings = {
				ALWAYS_SEARCH_USER_PATHS = NO;
				CLANG_ANALYZER_NONNULL = YES;
				CLANG_ANALYZER_NUMBER_OBJECT_CONVERSION = YES_AGGRESSIVE;
				CLANG_CXX_LANGUAGE_STANDARD = "gnu++20";
				CLANG_ENABLE_MODULES = YES;
				CLANG_ENABLE_OBJC_ARC = YES;
				CLANG_ENABLE_OBJC_WEAK = YES;
				CLANG_WARN_BLOCK_CAPTURE_AUTORELEASING = YES;
				CLANG_WARN_BOOL_CONVERSION = YES;
				CLANG_WARN_COMMA = YES;
				CLANG_WARN_CONSTANT_CONVERSION = YES;
				CLANG_WARN_DEPRECATED_OBJC_IMPLEMENTATIONS = YES;
				CLANG_WARN_DIRECT_OBJC_ISA_USAGE = YES_ERROR;
				CLANG_WARN_DOCUMENTATION_COMMENTS = YES;
				CLANG_WARN_EMPTY_BODY = YES;
				CLANG_WARN_ENUM_CONVERSION = YES;
				CLANG_WARN_INFINITE_RECURSION = YES;
				CLANG_WARN_INT_CONVERSION = YES;
				CLANG_WARN_NON_LITERAL_NULL_CONVERSION = YES;
				CLANG_WARN_OBJC_IMPLICIT_RETAIN_SELF = YES;
				CLANG_WARN_OBJC_LITERAL_CONVERSION = YES;
				CLANG_WARN_OBJC_ROOT_CLASS = YES_ERROR;
				CLANG_WARN_QUOTED_INCLUDE_IN_FRAMEWORK_HEADER = YES;
				CLANG_WARN_RANGE_LOOP_ANALYSIS = YES;
				CLANG_WARN_STRICT_PROTOTYPES = YES;
				CLANG_WARN_SUSPICIOUS_MOVE = YES;
				CLANG_WARN_UNGUARDED_AVAILABILITY = YES_AGGRESSIVE;
				CLANG_WARN_UNREACHABLE_CODE = YES;
				CLANG_WARN__DUPLICATE_METHOD_MATCH = YES;
				COPY_PHASE_STRIP = NO;
				DEBUG_INFORMATION_FORMAT = dwarf;
				ENABLE_STRICT_OBJC_MSGSEND = YES;
				ENABLE_TESTABILITY = YES;
				GCC_C_LANGUAGE_STANDARD = gnu11;
				GCC_DYNAMIC_NO_PIC = NO;
				GCC_NO_COMMON_BLOCKS = YES;
				GCC_OPTIMIZATION_LEVEL = 0;
				GCC_PREPROCESSOR_DEFINITIONS = (
					"DEBUG=1",
					"$(inherited)",
				);
				GCC_WARN_64_TO_32_BIT_CONVERSION = YES;
				GCC_WARN_ABOUT_RETURN_TYPE = YES_ERROR;
				GCC_WARN_UNDECLARED_SELECTOR = YES;
				GCC_WARN_UNINITIALIZED_AUTOS = YES_AGGRESSIVE;
				GCC_WARN_UNUSED_FUNCTION = YES;
				GCC_WARN_UNUSED_VARIABLE = YES;
				IPHONEOS_DEPLOYMENT_TARGET = 16.4;
				MTL_ENABLE_DEBUG_INFO = INCLUDE_SOURCE;
				MTL_FAST_MATH = YES;
				ONLY_ACTIVE_ARCH = YES;
				SDKROOT = iphoneos;
				SWIFT_ACTIVE_COMPILATION_CONDITIONS = DEBUG;
				SWIFT_OPTIMIZATION_LEVEL = "-Onone";
			};
			name = Debug;
		};
		26D89CF62A6824F6005FC0BE /* Release */ = {
			isa = XCBuildConfiguration;
			buildSettings = {
				ALWAYS_SEARCH_USER_PATHS = NO;
				CLANG_ANALYZER_NONNULL = YES;
				CLANG_ANALYZER_NUMBER_OBJECT_CONVERSION = YES_AGGRESSIVE;
				CLANG_CXX_LANGUAGE_STANDARD = "gnu++20";
				CLANG_ENABLE_MODULES = YES;
				CLANG_ENABLE_OBJC_ARC = YES;
				CLANG_ENABLE_OBJC_WEAK = YES;
				CLANG_WARN_BLOCK_CAPTURE_AUTORELEASING = YES;
				CLANG_WARN_BOOL_CONVERSION = YES;
				CLANG_WARN_COMMA = YES;
				CLANG_WARN_CONSTANT_CONVERSION = YES;
				CLANG_WARN_DEPRECATED_OBJC_IMPLEMENTATIONS = YES;
				CLANG_WARN_DIRECT_OBJC_ISA_USAGE = YES_ERROR;
				CLANG_WARN_DOCUMENTATION_COMMENTS = YES;
				CLANG_WARN_EMPTY_BODY = YES;
				CLANG_WARN_ENUM_CONVERSION = YES;
				CLANG_WARN_INFINITE_RECURSION = YES;
				CLANG_WARN_INT_CONVERSION = YES;
				CLANG_WARN_NON_LITERAL_NULL_CONVERSION = YES;
				CLANG_WARN_OBJC_IMPLICIT_RETAIN_SELF = YES;
				CLANG_WARN_OBJC_LITERAL_CONVERSION = YES;
				CLANG_WARN_OBJC_ROOT_CLASS = YES_ERROR;
				CLANG_WARN_QUOTED_INCLUDE_IN_FRAMEWORK_HEADER = YES;
				CLANG_WARN_RANGE_LOOP_ANALYSIS = YES;
				CLANG_WARN_STRICT_PROTOTYPES = YES;
				CLANG_WARN_SUSPICIOUS_MOVE = YES;
				CLANG_WARN_UNGUARDED_AVAILABILITY = YES_AGGRESSIVE;
				CLANG_WARN_UNREACHABLE_CODE = YES;
				CLANG_WARN__DUPLICATE_METHOD_MATCH = YES;
				COPY_PHASE_STRIP = NO;
				DEBUG_INFORMATION_FORMAT = "dwarf-with-dsym";
				ENABLE_NS_ASSERTIONS = NO;
				ENABLE_STRICT_OBJC_MSGSEND = YES;
				GCC_C_LANGUAGE_STANDARD = gnu11;
				GCC_NO_COMMON_BLOCKS = YES;
				GCC_WARN_64_TO_32_BIT_CONVERSION = YES;
				GCC_WARN_ABOUT_RETURN_TYPE = YES_ERROR;
				GCC_WARN_UNDECLARED_SELECTOR = YES;
				GCC_WARN_UNINITIALIZED_AUTOS = YES_AGGRESSIVE;
				GCC_WARN_UNUSED_FUNCTION = YES;
				GCC_WARN_UNUSED_VARIABLE = YES;
				IPHONEOS_DEPLOYMENT_TARGET = 16.4;
				MTL_ENABLE_DEBUG_INFO = NO;
				MTL_FAST_MATH = YES;
				SDKROOT = iphoneos;
				SWIFT_COMPILATION_MODE = wholemodule;
				SWIFT_OPTIMIZATION_LEVEL = "-O";
				VALIDATE_PRODUCT = YES;
			};
			name = Release;
		};
		26D89CF82A6824F6005FC0BE /* Debug */ = {
			isa = XCBuildConfiguration;
			buildSettings = {
				ASSETCATALOG_COMPILER_APPICON_NAME = AppIcon;
				ASSETCATALOG_COMPILER_GLOBAL_ACCENT_COLOR_NAME = AccentColor;
				CODE_SIGN_STYLE = Automatic;
				CURRENT_PROJECT_VERSION = 1;
				GENERATE_INFOPLIST_FILE = YES;
				INFOPLIST_FILE = BoardViewController/Info.plist;
				INFOPLIST_KEY_UIApplicationSupportsIndirectInputEvents = YES;
				INFOPLIST_KEY_UILaunchStoryboardName = LaunchScreen;
				INFOPLIST_KEY_UIMainStoryboardFile = Main;
				INFOPLIST_KEY_UISupportedInterfaceOrientations = UIInterfaceOrientationLandscapeRight;
				INFOPLIST_KEY_UISupportedInterfaceOrientations_iPad = "UIInterfaceOrientationLandscapeLeft UIInterfaceOrientationLandscapeRight UIInterfaceOrientationPortrait UIInterfaceOrientationPortraitUpsideDown";
				IPHONEOS_DEPLOYMENT_TARGET = 16.0;
				LD_RUNPATH_SEARCH_PATHS = (
					"$(inherited)",
					"@executable_path/Frameworks",
				);
				MARKETING_VERSION = 1.0;
				PRODUCT_BUNDLE_IDENTIFIER = com.present.BoardViewController;
				PRODUCT_NAME = "$(TARGET_NAME)";
				SUPPORTED_PLATFORMS = "iphoneos iphonesimulator";
				SUPPORTS_MACCATALYST = NO;
				SUPPORTS_MAC_DESIGNED_FOR_IPHONE_IPAD = NO;
				SWIFT_EMIT_LOC_STRINGS = YES;
				SWIFT_VERSION = 5.0;
				TARGETED_DEVICE_FAMILY = 1;
			};
			name = Debug;
		};
		26D89CF92A6824F6005FC0BE /* Release */ = {
			isa = XCBuildConfiguration;
			buildSettings = {
				ASSETCATALOG_COMPILER_APPICON_NAME = AppIcon;
				ASSETCATALOG_COMPILER_GLOBAL_ACCENT_COLOR_NAME = AccentColor;
				CODE_SIGN_STYLE = Automatic;
				CURRENT_PROJECT_VERSION = 1;
				GENERATE_INFOPLIST_FILE = YES;
				INFOPLIST_FILE = BoardViewController/Info.plist;
				INFOPLIST_KEY_UIApplicationSupportsIndirectInputEvents = YES;
				INFOPLIST_KEY_UILaunchStoryboardName = LaunchScreen;
				INFOPLIST_KEY_UIMainStoryboardFile = Main;
				INFOPLIST_KEY_UISupportedInterfaceOrientations = UIInterfaceOrientationLandscapeRight;
				INFOPLIST_KEY_UISupportedInterfaceOrientations_iPad = "UIInterfaceOrientationLandscapeLeft UIInterfaceOrientationLandscapeRight UIInterfaceOrientationPortrait UIInterfaceOrientationPortraitUpsideDown";
				IPHONEOS_DEPLOYMENT_TARGET = 16.0;
				LD_RUNPATH_SEARCH_PATHS = (
					"$(inherited)",
					"@executable_path/Frameworks",
				);
				MARKETING_VERSION = 1.0;
				PRODUCT_BUNDLE_IDENTIFIER = com.present.BoardViewController;
				PRODUCT_NAME = "$(TARGET_NAME)";
				SUPPORTED_PLATFORMS = "iphoneos iphonesimulator";
				SUPPORTS_MACCATALYST = NO;
				SUPPORTS_MAC_DESIGNED_FOR_IPHONE_IPAD = NO;
				SWIFT_EMIT_LOC_STRINGS = YES;
				SWIFT_VERSION = 5.0;
				TARGETED_DEVICE_FAMILY = 1;
			};
			name = Release;
		};
/* End XCBuildConfiguration section */

/* Begin XCConfigurationList section */
		26D89CDE2A6824F4005FC0BE /* Build configuration list for PBXProject "BoardViewController" */ = {
			isa = XCConfigurationList;
			buildConfigurations = (
				26D89CF52A6824F6005FC0BE /* Debug */,
				26D89CF62A6824F6005FC0BE /* Release */,
			);
			defaultConfigurationIsVisible = 0;
			defaultConfigurationName = Release;
		};
		26D89CF72A6824F6005FC0BE /* Build configuration list for PBXNativeTarget "BoardViewController" */ = {
			isa = XCConfigurationList;
			buildConfigurations = (
				26D89CF82A6824F6005FC0BE /* Debug */,
				26D89CF92A6824F6005FC0BE /* Release */,
			);
			defaultConfigurationIsVisible = 0;
			defaultConfigurationName = Release;
		};
/* End XCConfigurationList section */

/* Begin XCRemoteSwiftPackageReference section */
		26067ABF2A6E6C9F009764F2 /* XCRemoteSwiftPackageReference "Spiderversify" */ = {
			isa = XCRemoteSwiftPackageReference;
			repositoryURL = "https://github.com/Jager-yoo/Spiderversify.git";
			requirement = {
				branch = main;
				kind = branch;
			};
		};
/* End XCRemoteSwiftPackageReference section */

/* Begin XCSwiftPackageProductDependency section */
		26067AC02A6E6C9F009764F2 /* Spiderversify */ = {
			isa = XCSwiftPackageProductDependency;
			package = 26067ABF2A6E6C9F009764F2 /* XCRemoteSwiftPackageReference "Spiderversify" */;
			productName = Spiderversify;
		};
/* End XCSwiftPackageProductDependency section */
	};
	rootObject = 26D89CDB2A6824F4005FC0BE /* Project object */;
}
